<?xml version="1.0" encoding="utf-8"?>
<Project ToolsVersion="4.0" xmlns="http://schemas.microsoft.com/developer/msbuild/2003">
  <ItemGroup>
    <ClCompile Include="Main.cpp" />
    <ClCompile Include="Inventory.cpp">
      <Filter>Inventory</Filter>
    </ClCompile>
    <ClCompile Include="pch.cpp">
      <Filter>pch</Filter>
    </ClCompile>
    <ClCompile Include="ItemBase.cpp">
      <Filter>Inventory\Item</Filter>
    </ClCompile>
  </ItemGroup>
  <ItemGroup>
    <Filter Include="Inventory">
      <UniqueIdentifier>{58e1b6b4-3a53-438b-866b-5a11b4339426}</UniqueIdentifier>
    </Filter>
    <Filter Include="pch">
      <UniqueIdentifier>{9bd44848-92e3-4f41-a8c3-b3c246271337}</UniqueIdentifier>
    </Filter>
    <Filter Include="Inventory\Item">
      <UniqueIdentifier>{43f0e129-717f-4a1e-a167-3c142daeb7f8}</UniqueIdentifier>
    </Filter>
  </ItemGroup>
  <ItemGroup>
    <ClInclude Include="Inventory.h">
      <Filter>Inventory</Filter>
    </ClInclude>
    <ClInclude Include="pch.h">
      <Filter>pch</Filter>
    </ClInclude>
    <ClInclude Include="ItemBase.h">
      <Filter>Inventory\Item</Filter>
    </ClInclude>
  </ItemGroup>
</Project>